
Microsoft Visual Studio Solution File, Format Version 12.00
# Visual Studio Version 17
VisualStudioVersion = 17.0.32112.339
MinimumVisualStudioVersion = 10.0.40219.1
Project("{9A19103F-16F7-4668-BE54-9A1E7A4F7556}") = "CashRegisterApplication", "CashRegisterApplication\CashRegisterApplication.csproj", "{BECBA88D-96D1-40B7-8953-F5E34A9FB3B3}"
EndProject
Project("{9A19103F-16F7-4668-BE54-9A1E7A4F7556}") = "Domain", "Domain\Domain.csproj", "{8EFAB391-35F5-4742-89F2-C7E84308C8CB}"
EndProject
Project("{9A19103F-16F7-4668-BE54-9A1E7A4F7556}") = "InfrastructureData", "InfrastructureData\InfrastructureData.csproj", "{66E6ADF0-AE5E-4614-A980-7BDC3B4E4AB2}"
EndProject
Project("{9A19103F-16F7-4668-BE54-9A1E7A4F7556}") = "ApplicationLayer", "ApplicationLayer\ApplicationLayer.csproj", "{33CD5879-2C96-48CD-A4DD-51ECF8107768}"
EndProject
Project("{9A19103F-16F7-4668-BE54-9A1E7A4F7556}") = "InversionOfControl", "InversionOfControl\InversionOfControl.csproj", "{D4B898B3-FBFA-47E7-B2A1-4F1312937B75}"
EndProject
Project("{FAE04EC0-301F-11D3-BF4B-00C04F79EFBC}") = "DomainCore", "DomainCore\DomainCore.csproj", "{0FBE7E8D-7095-467A-82DA-31AC86D75957}"
EndProject
Project("{FAE04EC0-301F-11D3-BF4B-00C04F79EFBC}") = "InfraBus", "InfraBus\InfraBus.csproj", "{F60FC595-18E6-403E-AD8D-E9BA27AB67F2}"
EndProject
Global
	GlobalSection(SolutionConfigurationPlatforms) = preSolution
		Debug|Any CPU = Debug|Any CPU
		Release|Any CPU = Release|Any CPU
	EndGlobalSection
	GlobalSection(ProjectConfigurationPlatforms) = postSolution
		{BECBA88D-96D1-40B7-8953-F5E34A9FB3B3}.Debug|Any CPU.ActiveCfg = Debug|Any CPU
		{BECBA88D-96D1-40B7-8953-F5E34A9FB3B3}.Debug|Any CPU.Build.0 = Debug|Any CPU
		{BECBA88D-96D1-40B7-8953-F5E34A9FB3B3}.Release|Any CPU.ActiveCfg = Release|Any CPU
		{BECBA88D-96D1-40B7-8953-F5E34A9FB3B3}.Release|Any CPU.Build.0 = Release|Any CPU
		{8EFAB391-35F5-4742-89F2-C7E84308C8CB}.Debug|Any CPU.ActiveCfg = Debug|Any CPU
		{8EFAB391-35F5-4742-89F2-C7E84308C8CB}.Debug|Any CPU.Build.0 = Debug|Any CPU
		{8EFAB391-35F5-4742-89F2-C7E84308C8CB}.Release|Any CPU.ActiveCfg = Release|Any CPU
		{8EFAB391-35F5-4742-89F2-C7E84308C8CB}.Release|Any CPU.Build.0 = Release|Any CPU
		{66E6ADF0-AE5E-4614-A980-7BDC3B4E4AB2}.Debug|Any CPU.ActiveCfg = Debug|Any CPU
		{66E6ADF0-AE5E-4614-A980-7BDC3B4E4AB2}.Debug|Any CPU.Build.0 = Debug|Any CPU
		{66E6ADF0-AE5E-4614-A980-7BDC3B4E4AB2}.Release|Any CPU.ActiveCfg = Release|Any CPU
		{66E6ADF0-AE5E-4614-A980-7BDC3B4E4AB2}.Release|Any CPU.Build.0 = Release|Any CPU
		{33CD5879-2C96-48CD-A4DD-51ECF8107768}.Debug|Any CPU.ActiveCfg = Debug|Any CPU
		{33CD5879-2C96-48CD-A4DD-51ECF8107768}.Debug|Any CPU.Build.0 = Debug|Any CPU
		{33CD5879-2C96-48CD-A4DD-51ECF8107768}.Release|Any CPU.ActiveCfg = Release|Any CPU
		{33CD5879-2C96-48CD-A4DD-51ECF8107768}.Release|Any CPU.Build.0 = Release|Any CPU
		{D4B898B3-FBFA-47E7-B2A1-4F1312937B75}.Debug|Any CPU.ActiveCfg = Debug|Any CPU
		{D4B898B3-FBFA-47E7-B2A1-4F1312937B75}.Debug|Any CPU.Build.0 = Debug|Any CPU
		{D4B898B3-FBFA-47E7-B2A1-4F1312937B75}.Release|Any CPU.ActiveCfg = Release|Any CPU
		{D4B898B3-FBFA-47E7-B2A1-4F1312937B75}.Release|Any CPU.Build.0 = Release|Any CPU
		{0FBE7E8D-7095-467A-82DA-31AC86D75957}.Debug|Any CPU.ActiveCfg = Debug|Any CPU
		{0FBE7E8D-7095-467A-82DA-31AC86D75957}.Debug|Any CPU.Build.0 = Debug|Any CPU
		{0FBE7E8D-7095-467A-82DA-31AC86D75957}.Release|Any CPU.ActiveCfg = Release|Any CPU
		{0FBE7E8D-7095-467A-82DA-31AC86D75957}.Release|Any CPU.Build.0 = Release|Any CPU
		{F60FC595-18E6-403E-AD8D-E9BA27AB67F2}.Debug|Any CPU.ActiveCfg = Debug|Any CPU
		{F60FC595-18E6-403E-AD8D-E9BA27AB67F2}.Debug|Any CPU.Build.0 = Debug|Any CPU
		{F60FC595-18E6-403E-AD8D-E9BA27AB67F2}.Release|Any CPU.ActiveCfg = Release|Any CPU
		{F60FC595-18E6-403E-AD8D-E9BA27AB67F2}.Release|Any CPU.Build.0 = Release|Any CPU
	EndGlobalSection
	GlobalSection(SolutionProperties) = preSolution
		HideSolutionNode = FALSE
	EndGlobalSection
	GlobalSection(ExtensibilityGlobals) = postSolution
		SolutionGuid = {650B7710-DE4A-4F3B-8D92-0E37783C86BD}
	EndGlobalSection
EndGlobal
